
Microsoft Visual Studio Solution File, Format Version 12.00
# Visual Studio Version 16
VisualStudioVersion = 16.0.29230.47
MinimumVisualStudioVersion = 10.0.40219.1
Project("{FAE04EC0-301F-11D3-BF4B-00C04F79EFBC}") = "Alex-Casper-CPT-185-Final", "Alex-Casper-CPT-185-Final.csproj", "{32A03729-FE5D-412F-AAD0-181FCE8579F1}"
EndProject
Global
	GlobalSection(SolutionConfigurationPlatforms) = preSolution
		Debug|Any CPU = Debug|Any CPU
		Release|Any CPU = Release|Any CPU
	EndGlobalSection
	GlobalSection(ProjectConfigurationPlatforms) = postSolution
		{32A03729-FE5D-412F-AAD0-181FCE8579F1}.Debug|Any CPU.ActiveCfg = Debug|Any CPU
		{32A03729-FE5D-412F-AAD0-181FCE8579F1}.Debug|Any CPU.Build.0 = Debug|Any CPU
		{32A03729-FE5D-412F-AAD0-181FCE8579F1}.Release|Any CPU.ActiveCfg = Release|Any CPU
		{32A03729-FE5D-412F-AAD0-181FCE8579F1}.Release|Any CPU.Build.0 = Release|Any CPU
	EndGlobalSection
	GlobalSection(SolutionProperties) = preSolution
		HideSolutionNode = FALSE
	EndGlobalSection
	GlobalSection(ExtensibilityGlobals) = postSolution
		SolutionGuid = {D9AE2DE2-84D7-4A00-92E2-A6ADF9F66B87}
	EndGlobalSection
EndGlobal
